
Microsoft Visual Studio Solution File, Format Version 12.00
# Visual Studio Version 17
VisualStudioVersion = 17.11.35303.130
MinimumVisualStudioVersion = 10.0.40219.1
Project("{FAE04EC0-301F-11D3-BF4B-00C04F79EFBC}") = "Flogging.Core", "Flogging.Core\Flogging.Core.csproj", "{2F67ABFE-5F4C-40A1-9A5A-88CC1A8223DA}"
EndProject
Project("{FAE04EC0-301F-11D3-BF4B-00C04F79EFBC}") = "FloggingConsole", "FloggingConsole\FloggingConsole.csproj", "{2A5A6FB4-F08E-4705-90FA-0DB4A10218A5}"
EndProject
Global
	GlobalSection(SolutionConfigurationPlatforms) = preSolution
		Debug|Any CPU = Debug|Any CPU
		Release|Any CPU = Release|Any CPU
	EndGlobalSection
	GlobalSection(ProjectConfigurationPlatforms) = postSolution
		{2F67ABFE-5F4C-40A1-9A5A-88CC1A8223DA}.Debug|Any CPU.ActiveCfg = Debug|Any CPU
		{2F67ABFE-5F4C-40A1-9A5A-88CC1A8223DA}.Debug|Any CPU.Build.0 = Debug|Any CPU
		{2F67ABFE-5F4C-40A1-9A5A-88CC1A8223DA}.Release|Any CPU.ActiveCfg = Release|Any CPU
		{2F67ABFE-5F4C-40A1-9A5A-88CC1A8223DA}.Release|Any CPU.Build.0 = Release|Any CPU
		{2A5A6FB4-F08E-4705-90FA-0DB4A10218A5}.Debug|Any CPU.ActiveCfg = Debug|Any CPU
		{2A5A6FB4-F08E-4705-90FA-0DB4A10218A5}.Debug|Any CPU.Build.0 = Debug|Any CPU
		{2A5A6FB4-F08E-4705-90FA-0DB4A10218A5}.Release|Any CPU.ActiveCfg = Release|Any CPU
		{2A5A6FB4-F08E-4705-90FA-0DB4A10218A5}.Release|Any CPU.Build.0 = Release|Any CPU
	EndGlobalSection
	GlobalSection(SolutionProperties) = preSolution
		HideSolutionNode = FALSE
	EndGlobalSection
	GlobalSection(ExtensibilityGlobals) = postSolution
		SolutionGuid = {592DB957-E373-49CF-B286-BE3518590179}
	EndGlobalSection
EndGlobal
